{
  "name": "@ham2k/extensions",
  "lockfileVersion": 3,
  "requires": true,
  "packages": {
    "": {
      "name": "@ham2k/extensions",
      "license": "MPL-2.0",
      "workspaces": [
        "packages/*",
        "extensions/*"
      ],
      "devDependencies": {
        "@types/node": "^24.13.3",
        "typescript": "^5.8.0"
      },
      "engines": {
        "node": ">=24"
      }
    },
    "../ham-js-libs/packages/lib-qson-cabrillo": {
      "name": "@ham2k/lib-qson-cabrillo",
      "version": "1.2.0",
      "license": "MIT",
      "dependencies": {
        "@ham2k/lib-format-tools": "^1.2.0",
        "@ham2k/lib-operation-data": "^1.0.0",
        "camelcase": "^8.0"
      },
      "devDependencies": {
        "@types/jest": "^29.5.14",
        "@types/node": "^22.10.2",
        "jest": "^29.5.0",
        "ts-jest": "^29.2.5",
        "tsup": "^8.3.5",
        "typescript": "^5.7.2"
      }
    },
    "node_modules/@ham2k/extension-sdk": {
      "version": "0.2.0",
      "resolved": "https://registry.npmjs.org/@ham2k/extension-sdk/-/extension-sdk-0.2.0.tgz",
      "integrity": "sha512-8dxkT3lQXb3KAXEKtwO2VeNKGxoVMqZQM7dshI3d7+JC4ciEeTqEuVRE+dGfgw1LYJ12fBKwM887KaAf9RlRNg==",
      "dev": true,
      "license": "MPL-2.0",
      "engines": {
        "node": ">=20"
      },
      "peerDependencies": {
        "@ham2k/lib-callsigns": "*",
        "@ham2k/lib-country-files": "*",
        "@ham2k/lib-cqmag-data": "*",
        "@ham2k/lib-dxcc-data": "*",
        "@ham2k/lib-format-tools": "*",
        "@ham2k/lib-geo-tools": "*",
        "@ham2k/lib-operation-data": "*",
        "@ham2k/lib-qson-adif": "*",
        "@ham2k/lib-qson-cabrillo": "*",
        "@ham2k/lib-qson-tools": "*",
        "i18next": "*",
        "liquidjs": "*"
      },
      "peerDependenciesMeta": {
        "@ham2k/lib-callsigns": {
          "optional": true
        },
        "@ham2k/lib-country-files": {
          "optional": true
        },
        "@ham2k/lib-cqmag-data": {
          "optional": true
        },
        "@ham2k/lib-dxcc-data": {
          "optional": true
        },
        "@ham2k/lib-format-tools": {
          "optional": true
        },
        "@ham2k/lib-geo-tools": {
          "optional": true
        },
        "@ham2k/lib-operation-data": {
          "optional": true
        },
        "@ham2k/lib-qson-adif": {
          "optional": true
        },
        "@ham2k/lib-qson-cabrillo": {
          "optional": true
        },
        "@ham2k/lib-qson-tools": {
          "optional": true
        },
        "i18next": {
          "optional": true
        },
        "liquidjs": {
          "optional": true
        }
      }
    },
    "node_modules/@ham2k/lib-qso-party": {
      "resolved": "packages/lib-qso-party",
      "link": true
    },
    "node_modules/@ham2k/lib-qson-cabrillo": {
      "resolved": "../ham-js-libs/packages/lib-qson-cabrillo",
      "link": true
    },
    "node_modules/@types/node": {
      "version": "24.13.3",
      "resolved": "https://registry.npmjs.org/@types/node/-/node-24.13.3.tgz",
      "integrity": "sha512-Dh8vAsV36ig5wa9OX4pXvMc9D3Veibfw2wix0CUwYODLD8nkj9UsLjASr49nPg+2eKzxhBV+v7L8pXvT4e639Q==",
      "dev": true,
      "license": "MIT",
      "dependencies": {
        "undici-types": "~7.18.0"
      }
    },
    "node_modules/typescript": {
      "version": "5.9.3",
      "resolved": "https://registry.npmjs.org/typescript/-/typescript-5.9.3.tgz",
      "integrity": "sha512-jl1vZzPDinLr9eUt3J/t7V6FgNEw9QjvBPdysz9KfQDD41fQrC2Y4vKQdiaUpFT4bXlb1RHhLpp8wtm6M5TgSw==",
      "dev": true,
      "license": "Apache-2.0",
      "bin": {
        "tsc": "bin/tsc",
        "tsserver": "bin/tsserver"
      },
      "engines": {
        "node": ">=14.17"
      }
    },
    "node_modules/undici-types": {
      "version": "7.18.2",
      "resolved": "https://registry.npmjs.org/undici-types/-/undici-types-7.18.2.tgz",
      "integrity": "sha512-AsuCzffGHJybSaRrmr5eHr81mwJU3kjw6M+uprWvCXiNeN9SOGwQ3Jn8jb8m3Z6izVgknn1R0FTCEAP2QrLY/w==",
      "dev": true,
      "license": "MIT"
    },
    "packages/lib-qso-party": {
      "name": "@ham2k/lib-qso-party",
      "version": "0.1.0",
      "license": "MPL-2.0",
      "dependencies": {
        "@ham2k/lib-qson-cabrillo": "file:../../../ham-js-libs/packages/lib-qson-cabrillo"
      },
      "devDependencies": {
        "@ham2k/extension-sdk": "^0.2.0"
      },
      "engines": {
        "node": ">=24"
      },
      "peerDependencies": {
        "@ham2k/extension-sdk": "^0.2.0"
      }
    }
  }
}
